
Microsoft Visual Studio Solution File, Format Version 12.00
# Visual Studio Version 17
VisualStudioVersion = 17.8.34316.72
MinimumVisualStudioVersion = 10.0.40219.1
Project("{FAE04EC0-301F-11D3-BF4B-00C04F79EFBC}") = "PersonalBlog", "PersonalBlog\PersonalBlog.csproj", "{F22F1A75-3950-4885-AFB2-BAFEF09A24CD}"
EndProject
Global
	GlobalSection(SolutionConfigurationPlatforms) = preSolution
		Debug|Any CPU = Debug|Any CPU
		Release|Any CPU = Release|Any CPU
	EndGlobalSection
	GlobalSection(ProjectConfigurationPlatforms) = postSolution
		{F22F1A75-3950-4885-AFB2-BAFEF09A24CD}.Debug|Any CPU.ActiveCfg = Debug|Any CPU
		{F22F1A75-3950-4885-AFB2-BAFEF09A24CD}.Debug|Any CPU.Build.0 = Debug|Any CPU
		{F22F1A75-3950-4885-AFB2-BAFEF09A24CD}.Release|Any CPU.ActiveCfg = Release|Any CPU
		{F22F1A75-3950-4885-AFB2-BAFEF09A24CD}.Release|Any CPU.Build.0 = Release|Any CPU
	EndGlobalSection
	GlobalSection(SolutionProperties) = preSolution
		HideSolutionNode = FALSE
	EndGlobalSection
	GlobalSection(ExtensibilityGlobals) = postSolution
		SolutionGuid = {1DE78E2D-345E-4466-90C2-75911F0F82CF}
	EndGlobalSection
EndGlobal
